// !$*UTF8*$!
{
	archiveVersion = 1;
	classes = {
	};
	objectVersion = 50;
	objects = {

/* Begin PBXBuildFile section */
		83635D5D24715A84008222C3 /* AppDelegate.swift in Sources */ = {isa = PBXBuildFile; fileRef = 83635D5C24715A84008222C3 /* AppDelegate.swift */; };
		83635D5F24715A84008222C3 /* SceneDelegate.swift in Sources */ = {isa = PBXBuildFile; fileRef = 83635D5E24715A84008222C3 /* SceneDelegate.swift */; };
		83635D6124715A84008222C3 /* ContentView.swift in Sources */ = {isa = PBXBuildFile; fileRef = 83635D6024715A84008222C3 /* ContentView.swift */; };
		83635D6324715A85008222C3 /* Assets.xcassets in Resources */ = {isa = PBXBuildFile; fileRef = 83635D6224715A85008222C3 /* Assets.xcassets */; };
		83635D6624715A85008222C3 /* Preview Assets.xcassets in Resources */ = {isa = PBXBuildFile; fileRef = 83635D6524715A85008222C3 /* Preview Assets.xcassets */; };
		836B0C5824B9DFC4009A39F2 /* ViewController.swift in Sources */ = {isa = PBXBuildFile; fileRef = 836B0C5724B9DFC4009A39F2 /* ViewController.swift */; };
		836B0C5F24BB2089009A39F2 /* Localizable.strings in Resources */ = {isa = PBXBuildFile; fileRef = 836B0C6124BB2089009A39F2 /* Localizable.strings */; };
		836B0C6324BB22EA009A39F2 /* Main.storyboard in Resources */ = {isa = PBXBuildFile; fileRef = 836B0C6524BB22EA009A39F2 /* Main.storyboard */; };
		836B0C6B24BB2796009A39F2 /* Func.swift in Sources */ = {isa = PBXBuildFile; fileRef = 836B0C6A24BB2796009A39F2 /* Func.swift */; };
/* End PBXBuildFile section */

/* Begin PBXFileReference section */
		83635D5924715A84008222C3 /* My ToDo List.app */ = {isa = PBXFileReference; explicitFileType = wrapper.application; includeInIndex = 0; path = "My ToDo List.app"; sourceTree = BUILT_PRODUCTS_DIR; };
		83635D5C24715A84008222C3 /* AppDelegate.swift */ = {isa = PBXFileReference; lastKnownFileType = sourcecode.swift; path = AppDelegate.swift; sourceTree = "<group>"; };
		83635D5E24715A84008222C3 /* SceneDelegate.swift */ = {isa = PBXFileReference; lastKnownFileType = sourcecode.swift; path = SceneDelegate.swift; sourceTree = "<group>"; };
		83635D6024715A84008222C3 /* ContentView.swift */ = {isa = PBXFileReference; lastKnownFileType = sourcecode.swift; path = ContentView.swift; sourceTree = "<group>"; };
		83635D6224715A85008222C3 /* Assets.xcassets */ = {isa = PBXFileReference; lastKnownFileType = folder.assetcatalog; path = Assets.xcassets; sourceTree = "<group>"; };
		83635D6524715A85008222C3 /* Preview Assets.xcassets */ = {isa = PBXFileReference; lastKnownFileType = folder.assetcatalog; path = "Preview Assets.xcassets"; sourceTree = "<group>"; };
		83635D6A24715A85008222C3 /* Info.plist */ = {isa = PBXFileReference; lastKnownFileType = text.plist.xml; path = Info.plist; sourceTree = "<group>"; };
		836B0C5724B9DFC4009A39F2 /* ViewController.swift */ = {isa = PBXFileReference; lastKnownFileType = sourcecode.swift; path = ViewController.swift; sourceTree = "<group>"; };
		836B0C5A24BAEBFD009A39F2 /* SharedCode */ = {isa = PBXFileReference; lastKnownFileType = folder; name = SharedCode; path = ../SharedCode; sourceTree = "<group>"; };
		836B0C5B24BAEC6A009A39F2 /* SharedCode.framework.dSYM */ = {isa = PBXFileReference; lastKnownFileType = wrapper.dsym; name = SharedCode.framework.dSYM; path = ../SharedCode/build/bin/ios/debugFramework/SharedCode.framework.dSYM; sourceTree = "<group>"; };
		836B0C6024BB2089009A39F2 /* en */ = {isa = PBXFileReference; lastKnownFileType = text.plist.strings; name = en; path = en.lproj/Localizable.strings; sourceTree = "<group>"; };
		836B0C6224BB20BE009A39F2 /* ru */ = {isa = PBXFileReference; lastKnownFileType = text.plist.strings; name = ru; path = ru.lproj/Localizable.strings; sourceTree = "<group>"; };
		836B0C6424BB22EA009A39F2 /* Base */ = {isa = PBXFileReference; lastKnownFileType = file.storyboard; name = Base; path = Base.lproj/Main.storyboard; sourceTree = "<group>"; };
		836B0C6724BB22F1009A39F2 /* ru */ = {isa = PBXFileReference; lastKnownFileType = text.plist.strings; name = ru; path = ru.lproj/Main.strings; sourceTree = "<group>"; };
		836B0C6924BB2313009A39F2 /* en */ = {isa = PBXFileReference; lastKnownFileType = text.plist.strings; name = en; path = en.lproj/Main.strings; sourceTree = "<group>"; };
		836B0C6A24BB2796009A39F2 /* Func.swift */ = {isa = PBXFileReference; lastKnownFileType = sourcecode.swift; path = Func.swift; sourceTree = "<group>"; };
/* End PBXFileReference section */

/* Begin PBXFrameworksBuildPhase section */
		83635D5624715A84008222C3 /* Frameworks */ = {
			isa = PBXFrameworksBuildPhase;
			buildActionMask = 2147483647;
			files = (
			);
			runOnlyForDeploymentPostprocessing = 0;
		};
/* End PBXFrameworksBuildPhase section */

/* Begin PBXGroup section */
		83635D5024715A84008222C3 = {
			isa = PBXGroup;
			children = (
				83635D5B24715A84008222C3 /* iosApp */,
				83635D5A24715A84008222C3 /* Products */,
				836B0C5924BAEBFD009A39F2 /* Frameworks */,
			);
			sourceTree = "<group>";
		};
		83635D5A24715A84008222C3 /* Products */ = {
			isa = PBXGroup;
			children = (
				83635D5924715A84008222C3 /* My ToDo List.app */,
			);
			name = Products;
			sourceTree = "<group>";
		};
		83635D5B24715A84008222C3 /* iosApp */ = {
			isa = PBXGroup;
			children = (
				83635D5C24715A84008222C3 /* AppDelegate.swift */,
				83635D5E24715A84008222C3 /* SceneDelegate.swift */,
				83635D6024715A84008222C3 /* ContentView.swift */,
				83635D6224715A85008222C3 /* Assets.xcassets */,
				83635D6A24715A85008222C3 /* Info.plist */,
				83635D6424715A85008222C3 /* Preview Content */,
				836B0C6524BB22EA009A39F2 /* Main.storyboard */,
				836B0C5724B9DFC4009A39F2 /* ViewController.swift */,
				836B0C6124BB2089009A39F2 /* Localizable.strings */,
				836B0C6A24BB2796009A39F2 /* Func.swift */,
			);
			path = iosApp;
			sourceTree = "<group>";
		};
		83635D6424715A85008222C3 /* Preview Content */ = {
			isa = PBXGroup;
			children = (
				83635D6524715A85008222C3 /* Preview Assets.xcassets */,
			);
			path = "Preview Content";
			sourceTree = "<group>";
		};
		836B0C5924BAEBFD009A39F2 /* Frameworks */ = {
			isa = PBXGroup;
			children = (
				836B0C5B24BAEC6A009A39F2 /* SharedCode.framework.dSYM */,
				836B0C5A24BAEBFD009A39F2 /* SharedCode */,
			);
			name = Frameworks;
			sourceTree = "<group>";
		};
/* End PBXGroup section */

/* Begin PBXNativeTarget section */
		83635D5824715A84008222C3 /* iosApp */ = {
			isa = PBXNativeTarget;
			buildConfigurationList = 83635D6D24715A85008222C3 /* Build configuration list for PBXNativeTarget "iosApp" */;
			buildPhases = (
				83635D7024716427008222C3 /* ShellScript */,
				83635D5524715A84008222C3 /* Sources */,
				83635D5624715A84008222C3 /* Frameworks */,
				83635D5724715A84008222C3 /* Resources */,
			);
			buildRules = (
			);
			dependencies = (
			);
			name = iosApp;
			productName = iosApp;
			productReference = 83635D5924715A84008222C3 /* My ToDo List.app */;
			productType = "com.apple.product-type.application";
		};
/* End PBXNativeTarget section */

/* Begin PBXProject section */
		83635D5124715A84008222C3 /* Project object */ = {
			isa = PBXProject;
			attributes = {
				LastSwiftUpdateCheck = 1140;
				LastUpgradeCheck = 1140;
				ORGANIZATIONNAME = "Chechin Vadim";
				TargetAttributes = {
					83635D5824715A84008222C3 = {
						CreatedOnToolsVersion = 11.4.1;
					};
				};
			};
			buildConfigurationList = 83635D5424715A84008222C3 /* Build configuration list for PBXProject "iosApp" */;
			compatibilityVersion = "Xcode 9.3";
			developmentRegion = en;
			hasScannedForEncodings = 0;
			knownRegions = (
				en,
				Base,
				ru,
			);
			mainGroup = 83635D5024715A84008222C3;
			productRefGroup = 83635D5A24715A84008222C3 /* Products */;
			projectDirPath = "";
			projectRoot = "";
			targets = (
				83635D5824715A84008222C3 /* iosApp */,
			);
		};
/* End PBXProject section */

/* Begin PBXResourcesBuildPhase section */
		83635D5724715A84008222C3 /* Resources */ = {
			isa = PBXResourcesBuildPhase;
			buildActionMask = 2147483647;
			files = (
				836B0C5F24BB2089009A39F2 /* Localizable.strings in Resources */,
				83635D6624715A85008222C3 /* Preview Assets.xcassets in Resources */,
				83635D6324715A85008222C3 /* Assets.xcassets in Resources */,
				836B0C6324BB22EA009A39F2 /* Main.storyboard in Resources */,
			);
			runOnlyForDeploymentPostprocessing = 0;
		};
/* End PBXResourcesBuildPhase section */

/* Begin PBXShellScriptBuildPhase section */
		83635D7024716427008222C3 /* ShellScript */ = {
			isa = PBXShellScriptBuildPhase;
			buildActionMask = 2147483647;
			files = (
			);
			inputFileListPaths = (
			);
			inputPaths = (
			);
			outputFileListPaths = (
			);
			outputPaths = (
			);
			runOnlyForDeploymentPostprocessing = 0;
			shellPath = /bin/sh;
			shellScript = "\"$SRCROOT/../gradlew\" -p \"$SRCROOT/../SharedCode\" packForXCode \\\n-Pconfiguration.build.dir=\"$CONFIGURATION_BUILD_DIR\"          \\\n-Pkotlin.build.type=\"$KOTLIN_BUILD_TYPE\"                      \\\n-Pdevice=\"$KOTLIN_DEVICE\"\n";
		};
/* End PBXShellScriptBuildPhase section */

/* Begin PBXSourcesBuildPhase section */
		83635D5524715A84008222C3 /* Sources */ = {
			isa = PBXSourcesBuildPhase;
			buildActionMask = 2147483647;
			files = (
				83635D5D24715A84008222C3 /* AppDelegate.swift in Sources */,
				83635D5F24715A84008222C3 /* SceneDelegate.swift in Sources */,
				836B0C5824B9DFC4009A39F2 /* ViewController.swift in Sources */,
				83635D6124715A84008222C3 /* ContentView.swift in Sources */,
				836B0C6B24BB2796009A39F2 /* Func.swift in Sources */,
			);
			runOnlyForDeploymentPostprocessing = 0;
		};
/* End PBXSourcesBuildPhase section */

/* Begin PBXVariantGroup section */
		836B0C6124BB2089009A39F2 /* Localizable.strings */ = {
			isa = PBXVariantGroup;
			children = (
				836B0C6024BB2089009A39F2 /* en */,
				836B0C6224BB20BE009A39F2 /* ru */,
			);
			name = Localizable.strings;
			sourceTree = "<group>";
		};
		836B0C6524BB22EA009A39F2 /* Main.storyboard */ = {
			isa = PBXVariantGroup;
			children = (
				836B0C6424BB22EA009A39F2 /* Base */,
				836B0C6724BB22F1009A39F2 /* ru */,
				836B0C6924BB2313009A39F2 /* en */,
			);
			name = Main.storyboard;
			sourceTree = "<group>";
		};
/* End PBXVariantGroup section */

/* Begin XCBuildConfiguration section */
		83635D6B24715A85008222C3 /* Debug */ = {
			isa = XCBuildConfiguration;
			buildSettings = {
				ALWAYS_SEARCH_USER_PATHS = NO;
				CLANG_ANALYZER_LOCALIZABILITY_NONLOCALIZED = YES;
				CLANG_ANALYZER_NONNULL = YES;
				CLANG_ANALYZER_NUMBER_OBJECT_CONVERSION = YES_AGGRESSIVE;
				CLANG_CXX_LANGUAGE_STANDARD = "gnu++14";
				CLANG_CXX_LIBRARY = "libc++";
				CLANG_ENABLE_MODULES = YES;
				CLANG_ENABLE_OBJC_ARC = YES;
				CLANG_ENABLE_OBJC_WEAK = YES;
				CLANG_WARN_BLOCK_CAPTURE_AUTORELEASING = YES;
				CLANG_WARN_BOOL_CONVERSION = YES;
				CLANG_WARN_COMMA = YES;
				CLANG_WARN_CONSTANT_CONVERSION = YES;
				CLANG_WARN_DEPRECATED_OBJC_IMPLEMENTATIONS = YES;
				CLANG_WARN_DIRECT_OBJC_ISA_USAGE = YES_ERROR;
				CLANG_WARN_DOCUMENTATION_COMMENTS = YES;
				CLANG_WARN_EMPTY_BODY = YES;
				CLANG_WARN_ENUM_CONVERSION = YES;
				CLANG_WARN_INFINITE_RECURSION = YES;
				CLANG_WARN_INT_CONVERSION = YES;
				CLANG_WARN_NON_LITERAL_NULL_CONVERSION = YES;
				CLANG_WARN_OBJC_IMPLICIT_RETAIN_SELF = YES;
				CLANG_WARN_OBJC_LITERAL_CONVERSION = YES;
				CLANG_WARN_OBJC_ROOT_CLASS = YES_ERROR;
				CLANG_WARN_RANGE_LOOP_ANALYSIS = YES;
				CLANG_WARN_STRICT_PROTOTYPES = YES;
				CLANG_WARN_SUSPICIOUS_MOVE = YES;
				CLANG_WARN_UNGUARDED_AVAILABILITY = YES_AGGRESSIVE;
				CLANG_WARN_UNREACHABLE_CODE = YES;
				CLANG_WARN__DUPLICATE_METHOD_MATCH = YES;
				COPY_PHASE_STRIP = NO;
				DEBUG_INFORMATION_FORMAT = dwarf;
				ENABLE_STRICT_OBJC_MSGSEND = YES;
				ENABLE_TESTABILITY = YES;
				GCC_C_LANGUAGE_STANDARD = gnu11;
				GCC_DYNAMIC_NO_PIC = NO;
				GCC_NO_COMMON_BLOCKS = YES;
				GCC_OPTIMIZATION_LEVEL = 0;
				GCC_PREPROCESSOR_DEFINITIONS = (
					"DEBUG=1",
					"$(inherited)",
				);
				GCC_WARN_64_TO_32_BIT_CONVERSION = YES;
				GCC_WARN_ABOUT_RETURN_TYPE = YES_ERROR;
				GCC_WARN_UNDECLARED_SELECTOR = YES;
				GCC_WARN_UNINITIALIZED_AUTOS = YES_AGGRESSIVE;
				GCC_WARN_UNUSED_FUNCTION = YES;
				GCC_WARN_UNUSED_VARIABLE = YES;
				IPHONEOS_DEPLOYMENT_TARGET = 13.4;
				MTL_ENABLE_DEBUG_INFO = INCLUDE_SOURCE;
				MTL_FAST_MATH = YES;
				ONLY_ACTIVE_ARCH = YES;
				SDKROOT = iphoneos;
				SWIFT_ACTIVE_COMPILATION_CONDITIONS = DEBUG;
				SWIFT_OPTIMIZATION_LEVEL = "-Onone";
			};
			name = Debug;
		};
		83635D6C24715A85008222C3 /* Release */ = {
			isa = XCBuildConfiguration;
			buildSettings = {
				ALWAYS_SEARCH_USER_PATHS = NO;
				CLANG_ANALYZER_LOCALIZABILITY_NONLOCALIZED = YES;
				CLANG_ANALYZER_NONNULL = YES;
				CLANG_ANALYZER_NUMBER_OBJECT_CONVERSION = YES_AGGRESSIVE;
				CLANG_CXX_LANGUAGE_STANDARD = "gnu++14";
				CLANG_CXX_LIBRARY = "libc++";
				CLANG_ENABLE_MODULES = YES;
				CLANG_ENABLE_OBJC_ARC = YES;
				CLANG_ENABLE_OBJC_WEAK = YES;
				CLANG_WARN_BLOCK_CAPTURE_AUTORELEASING = YES;
				CLANG_WARN_BOOL_CONVERSION = YES;
				CLANG_WARN_COMMA = YES;
				CLANG_WARN_CONSTANT_CONVERSION = YES;
				CLANG_WARN_DEPRECATED_OBJC_IMPLEMENTATIONS = YES;
				CLANG_WARN_DIRECT_OBJC_ISA_USAGE = YES_ERROR;
				CLANG_WARN_DOCUMENTATION_COMMENTS = YES;
				CLANG_WARN_EMPTY_BODY = YES;
				CLANG_WARN_ENUM_CONVERSION = YES;
				CLANG_WARN_INFINITE_RECURSION = YES;
				CLANG_WARN_INT_CONVERSION = YES;
				CLANG_WARN_NON_LITERAL_NULL_CONVERSION = YES;
				CLANG_WARN_OBJC_IMPLICIT_RETAIN_SELF = YES;
				CLANG_WARN_OBJC_LITERAL_CONVERSION = YES;
				CLANG_WARN_OBJC_ROOT_CLASS = YES_ERROR;
				CLANG_WARN_RANGE_LOOP_ANALYSIS = YES;
				CLANG_WARN_STRICT_PROTOTYPES = YES;
				CLANG_WARN_SUSPICIOUS_MOVE = YES;
				CLANG_WARN_UNGUARDED_AVAILABILITY = YES_AGGRESSIVE;
				CLANG_WARN_UNREACHABLE_CODE = YES;
				CLANG_WARN__DUPLICATE_METHOD_MATCH = YES;
				COPY_PHASE_STRIP = NO;
				DEBUG_INFORMATION_FORMAT = "dwarf-with-dsym";
				ENABLE_NS_ASSERTIONS = NO;
				ENABLE_STRICT_OBJC_MSGSEND = YES;
				GCC_C_LANGUAGE_STANDARD = gnu11;
				GCC_NO_COMMON_BLOCKS = YES;
				GCC_WARN_64_TO_32_BIT_CONVERSION = YES;
				GCC_WARN_ABOUT_RETURN_TYPE = YES_ERROR;
				GCC_WARN_UNDECLARED_SELECTOR = YES;
				GCC_WARN_UNINITIALIZED_AUTOS = YES_AGGRESSIVE;
				GCC_WARN_UNUSED_FUNCTION = YES;
				GCC_WARN_UNUSED_VARIABLE = YES;
				IPHONEOS_DEPLOYMENT_TARGET = 13.4;
				MTL_ENABLE_DEBUG_INFO = NO;
				MTL_FAST_MATH = YES;
				SDKROOT = iphoneos;
				SWIFT_COMPILATION_MODE = wholemodule;
				SWIFT_OPTIMIZATION_LEVEL = "-O";
				VALIDATE_PRODUCT = YES;
			};
			name = Release;
		};
		83635D6E24715A85008222C3 /* Debug */ = {
			isa = XCBuildConfiguration;
			buildSettings = {
				ALWAYS_EMBED_SWIFT_STANDARD_LIBRARIES = YES;
				ASSETCATALOG_COMPILER_APPICON_NAME = AppIcon;
				BUILD_LIBRARY_FOR_DISTRIBUTION = YES;
				CODE_SIGN_IDENTITY = "iPhone Developer";
				CODE_SIGN_STYLE = Automatic;
				DEVELOPMENT_ASSET_PATHS = "\"iosApp/Preview Content\"";
				DEVELOPMENT_TEAM = P2Z4PLS2UV;
				ENABLE_PREVIEWS = YES;
				INFOPLIST_FILE = iosApp/Info.plist;
				IPHONEOS_DEPLOYMENT_TARGET = 13.3;
				LD_RUNPATH_SEARCH_PATHS = (
					"$(inherited)",
					"@loader_path/Frameworks",
					"@executable_path/Frameworks",
				);
				PRODUCT_BUNDLE_IDENTIFIER = relaxeddd.simplediary.iosApp;
				PRODUCT_NAME = "My ToDo List";
				SWIFT_VERSION = 5.0;
				TARGETED_DEVICE_FAMILY = 1;
			};
			name = Debug;
		};
		83635D6F24715A85008222C3 /* Release */ = {
			isa = XCBuildConfiguration;
			buildSettings = {
				ASSETCATALOG_COMPILER_APPICON_NAME = AppIcon;
				BUILD_LIBRARY_FOR_DISTRIBUTION = YES;
				CODE_SIGN_IDENTITY = "iPhone Developer";
				CODE_SIGN_STYLE = Automatic;
				DEVELOPMENT_ASSET_PATHS = "\"iosApp/Preview Content\"";
				DEVELOPMENT_TEAM = P2Z4PLS2UV;
				ENABLE_PREVIEWS = YES;
				INFOPLIST_FILE = iosApp/Info.plist;
				IPHONEOS_DEPLOYMENT_TARGET = 13.3;
				LD_RUNPATH_SEARCH_PATHS = (
					"$(inherited)",
					"@loader_path/Frameworks",
					"@executable_path/Frameworks",
				);
				PRODUCT_BUNDLE_IDENTIFIER = relaxeddd.simplediary.iosApp;
				PRODUCT_NAME = "My ToDo List";
				SWIFT_VERSION = 5.0;
				TARGETED_DEVICE_FAMILY = 1;
			};
			name = Release;
		};
/* End XCBuildConfiguration section */

/* Begin XCConfigurationList section */
		83635D5424715A84008222C3 /* Build configuration list for PBXProject "iosApp" */ = {
			isa = XCConfigurationList;
			buildConfigurations = (
				83635D6B24715A85008222C3 /* Debug */,
				83635D6C24715A85008222C3 /* Release */,
			);
			defaultConfigurationIsVisible = 0;
			defaultConfigurationName = Release;
		};
		83635D6D24715A85008222C3 /* Build configuration list for PBXNativeTarget "iosApp" */ = {
			isa = XCConfigurationList;
			buildConfigurations = (
				83635D6E24715A85008222C3 /* Debug */,
				83635D6F24715A85008222C3 /* Release */,
			);
			defaultConfigurationIsVisible = 0;
			defaultConfigurationName = Release;
		};
/* End XCConfigurationList section */
	};
	rootObject = 83635D5124715A84008222C3 /* Project object */;
}
